
Microsoft Visual Studio Solution File, Format Version 12.00
# Visual Studio Version 17
VisualStudioVersion = 17.1.32328.378
MinimumVisualStudioVersion = 10.0.40219.1
Project("{FAE04EC0-301F-11D3-BF4B-00C04F79EFBC}") = "curso.api", "curso.api\curso.api.csproj", "{7E21ACAE-2D4A-4674-8F24-C4855A722753}"
EndProject
Global
	GlobalSection(SolutionConfigurationPlatforms) = preSolution
		Debug|Any CPU = Debug|Any CPU
		Release|Any CPU = Release|Any CPU
	EndGlobalSection
	GlobalSection(ProjectConfigurationPlatforms) = postSolution
		{7E21ACAE-2D4A-4674-8F24-C4855A722753}.Debug|Any CPU.ActiveCfg = Debug|Any CPU
		{7E21ACAE-2D4A-4674-8F24-C4855A722753}.Debug|Any CPU.Build.0 = Debug|Any CPU
		{7E21ACAE-2D4A-4674-8F24-C4855A722753}.Release|Any CPU.ActiveCfg = Release|Any CPU
		{7E21ACAE-2D4A-4674-8F24-C4855A722753}.Release|Any CPU.Build.0 = Release|Any CPU
	EndGlobalSection
	GlobalSection(SolutionProperties) = preSolution
		HideSolutionNode = FALSE
	EndGlobalSection
	GlobalSection(ExtensibilityGlobals) = postSolution
		SolutionGuid = {8FBFC3AF-D501-4DBF-93F0-4B755D7313C1}
	EndGlobalSection
EndGlobal
